
Microsoft Visual Studio Solution File, Format Version 12.00
# Visual Studio Version 17
VisualStudioVersion = 17.11.35222.181
MinimumVisualStudioVersion = 10.0.40219.1
Project("{9A19103F-16F7-4668-BE54-9A1E7A4F7556}") = "AtlyssSkillTest", "AtlyssSkillTest\AtlyssSkillTest.csproj", "{A81AA7CD-E599-44A4-85BF-F5153E94FBC7}"
EndProject
Project("{FAE04EC0-301F-11D3-BF4B-00C04F79EFBC}") = "ClassSkillUniversal", "ClassSkillUniversal\ClassSkillUniversal.csproj", "{39C5AA68-C610-4053-8525-1217FD0F8E5D}"
EndProject
Project("{FAE04EC0-301F-11D3-BF4B-00C04F79EFBC}") = "AtlyssHelperUtils", "AtlyssHelperUtils\AtlyssHelperUtils.csproj", "{3D83F9F3-2CC2-4C5E-8F19-F0D09A471DC3}"
EndProject
Project("{FAE04EC0-301F-11D3-BF4B-00C04F79EFBC}") = "AtlyssSkillEqualizer", "AtlyssSkillEqualizer\AtlyssSkillEqualizer.csproj", "{C168BE47-ECE5-4641-AF8C-209A9E25C0F0}"
EndProject
Project("{FAE04EC0-301F-11D3-BF4B-00C04F79EFBC}") = "AtlyssObserver", "AtlyssObserver\AtlyssObserver.csproj", "{65E7A5AD-9F3E-4709-879F-C13F2B93F52C}"
EndProject
Project("{FAE04EC0-301F-11D3-BF4B-00C04F79EFBC}") = "MimicQuestItems", "MimicQuestItems\MimicQuestItems.csproj", "{F243FD7A-FDF9-42FE-BD8D-AED1108DB61C}"
EndProject
Global
	GlobalSection(SolutionConfigurationPlatforms) = preSolution
		Debug|Any CPU = Debug|Any CPU
		Release|Any CPU = Release|Any CPU
	EndGlobalSection
	GlobalSection(ProjectConfigurationPlatforms) = postSolution
		{A81AA7CD-E599-44A4-85BF-F5153E94FBC7}.Debug|Any CPU.ActiveCfg = Debug|Any CPU
		{A81AA7CD-E599-44A4-85BF-F5153E94FBC7}.Debug|Any CPU.Build.0 = Debug|Any CPU
		{A81AA7CD-E599-44A4-85BF-F5153E94FBC7}.Release|Any CPU.ActiveCfg = Release|Any CPU
		{A81AA7CD-E599-44A4-85BF-F5153E94FBC7}.Release|Any CPU.Build.0 = Release|Any CPU
		{39C5AA68-C610-4053-8525-1217FD0F8E5D}.Debug|Any CPU.ActiveCfg = Debug|Any CPU
		{39C5AA68-C610-4053-8525-1217FD0F8E5D}.Debug|Any CPU.Build.0 = Debug|Any CPU
		{39C5AA68-C610-4053-8525-1217FD0F8E5D}.Release|Any CPU.ActiveCfg = Release|Any CPU
		{39C5AA68-C610-4053-8525-1217FD0F8E5D}.Release|Any CPU.Build.0 = Release|Any CPU
		{3D83F9F3-2CC2-4C5E-8F19-F0D09A471DC3}.Debug|Any CPU.ActiveCfg = Debug|Any CPU
		{3D83F9F3-2CC2-4C5E-8F19-F0D09A471DC3}.Debug|Any CPU.Build.0 = Debug|Any CPU
		{3D83F9F3-2CC2-4C5E-8F19-F0D09A471DC3}.Release|Any CPU.ActiveCfg = Release|Any CPU
		{3D83F9F3-2CC2-4C5E-8F19-F0D09A471DC3}.Release|Any CPU.Build.0 = Release|Any CPU
		{C168BE47-ECE5-4641-AF8C-209A9E25C0F0}.Debug|Any CPU.ActiveCfg = Debug|Any CPU
		{C168BE47-ECE5-4641-AF8C-209A9E25C0F0}.Debug|Any CPU.Build.0 = Debug|Any CPU
		{C168BE47-ECE5-4641-AF8C-209A9E25C0F0}.Release|Any CPU.ActiveCfg = Release|Any CPU
		{C168BE47-ECE5-4641-AF8C-209A9E25C0F0}.Release|Any CPU.Build.0 = Release|Any CPU
		{65E7A5AD-9F3E-4709-879F-C13F2B93F52C}.Debug|Any CPU.ActiveCfg = Debug|Any CPU
		{65E7A5AD-9F3E-4709-879F-C13F2B93F52C}.Debug|Any CPU.Build.0 = Debug|Any CPU
		{65E7A5AD-9F3E-4709-879F-C13F2B93F52C}.Release|Any CPU.ActiveCfg = Release|Any CPU
		{65E7A5AD-9F3E-4709-879F-C13F2B93F52C}.Release|Any CPU.Build.0 = Release|Any CPU
		{F243FD7A-FDF9-42FE-BD8D-AED1108DB61C}.Debug|Any CPU.ActiveCfg = Debug|Any CPU
		{F243FD7A-FDF9-42FE-BD8D-AED1108DB61C}.Debug|Any CPU.Build.0 = Debug|Any CPU
		{F243FD7A-FDF9-42FE-BD8D-AED1108DB61C}.Release|Any CPU.ActiveCfg = Release|Any CPU
		{F243FD7A-FDF9-42FE-BD8D-AED1108DB61C}.Release|Any CPU.Build.0 = Release|Any CPU
	EndGlobalSection
	GlobalSection(SolutionProperties) = preSolution
		HideSolutionNode = FALSE
	EndGlobalSection
	GlobalSection(ExtensibilityGlobals) = postSolution
		SolutionGuid = {011CC794-8C26-4964-A73D-9121AEF56250}
	EndGlobalSection
EndGlobal
